<Solution>
  <Project Path="src/Terminal.VT/Terminal.VT.csproj" />
  <Project Path="src/Terminal.BOS/Terminal.BOS.csproj" />
  <Project Path="src/Terminal.Android/Terminal.Android.csproj" />
  <Project Path="tests/Terminal.VT.Tests/Terminal.VT.Tests.csproj" />
  <Project Path="tests/Terminal.BOS.Tests/Terminal.BOS.Tests.csproj" />
</Solution>
